
Microsoft Visual Studio Solution File, Format Version 12.00
# Visual Studio Version 17
VisualStudioVersion = 17.0.31903.59
MinimumVisualStudioVersion = 10.0.40219.1
Project("{FAE04EC0-301F-11D3-BF4B-00C04F79EFBC}") = "MazeManager", "MazeManager\MazeManager.csproj", "{CFF65322-0568-40DC-85C7-FBCE70B47A85}"
EndProject
Global
	GlobalSection(SolutionConfigurationPlatforms) = preSolution
		Debug|Any CPU = Debug|Any CPU
		Release|Any CPU = Release|Any CPU
	EndGlobalSection
	GlobalSection(ProjectConfigurationPlatforms) = postSolution
		{CFF65322-0568-40DC-85C7-FBCE70B47A85}.Debug|Any CPU.ActiveCfg = Debug|Any CPU
		{CFF65322-0568-40DC-85C7-FBCE70B47A85}.Debug|Any CPU.Build.0 = Debug|Any CPU
		{CFF65322-0568-40DC-85C7-FBCE70B47A85}.Release|Any CPU.ActiveCfg = Release|Any CPU
		{CFF65322-0568-40DC-85C7-FBCE70B47A85}.Release|Any CPU.Build.0 = Release|Any CPU
	EndGlobalSection
	GlobalSection(SolutionProperties) = preSolution
		HideSolutionNode = FALSE
	EndGlobalSection
	GlobalSection(ExtensibilityGlobals) = postSolution
		SolutionGuid = {04B2BEAB-9C23-4210-AF1B-1DE705A59197}
	EndGlobalSection
EndGlobal
